
Microsoft Visual Studio Solution File, Format Version 12.00
# Visual Studio 14
VisualStudioVersion = 14.0.23107.0
MinimumVisualStudioVersion = 10.0.40219.1
Project("{FAE04EC0-301F-11D3-BF4B-00C04F79EFBC}") = "Puissance_4_Ali_Mhiri", "Puissance_4_Ali_Mhiri\Puissance_4_Ali_Mhiri.csproj", "{5C0C9E29-EAFB-4EC8-9C66-E45E555989CC}"
EndProject
Global
	GlobalSection(SolutionConfigurationPlatforms) = preSolution
		Debug|Any CPU = Debug|Any CPU
		Release|Any CPU = Release|Any CPU
	EndGlobalSection
	GlobalSection(ProjectConfigurationPlatforms) = postSolution
		{5C0C9E29-EAFB-4EC8-9C66-E45E555989CC}.Debug|Any CPU.ActiveCfg = Debug|Any CPU
		{5C0C9E29-EAFB-4EC8-9C66-E45E555989CC}.Debug|Any CPU.Build.0 = Debug|Any CPU
		{5C0C9E29-EAFB-4EC8-9C66-E45E555989CC}.Release|Any CPU.ActiveCfg = Release|Any CPU
		{5C0C9E29-EAFB-4EC8-9C66-E45E555989CC}.Release|Any CPU.Build.0 = Release|Any CPU
	EndGlobalSection
	GlobalSection(SolutionProperties) = preSolution
		HideSolutionNode = FALSE
	EndGlobalSection
EndGlobal
